
Microsoft Visual Studio Solution File, Format Version 11.00
# Visual Studio 2010
Project("{FAE04EC0-301F-11D3-BF4B-00C04F79EFBC}") = "DisableSafeMode", "DisableSafeMode\DisableSafeMode.csproj", "{42CECF13-011F-426B-9BDD-644194CCB483}"
EndProject
Global
	GlobalSection(SolutionConfigurationPlatforms) = preSolution
		Debug|x86 = Debug|x86
		Release|x86 = Release|x86
	EndGlobalSection
	GlobalSection(ProjectConfigurationPlatforms) = postSolution
		{42CECF13-011F-426B-9BDD-644194CCB483}.Debug|x86.ActiveCfg = Release|x86
		{42CECF13-011F-426B-9BDD-644194CCB483}.Debug|x86.Build.0 = Release|x86
		{42CECF13-011F-426B-9BDD-644194CCB483}.Release|x86.ActiveCfg = Release|x86
		{42CECF13-011F-426B-9BDD-644194CCB483}.Release|x86.Build.0 = Release|x86
	EndGlobalSection
	GlobalSection(SolutionProperties) = preSolution
		HideSolutionNode = FALSE
	EndGlobalSection
EndGlobal
